# This file is automatically @generated by Poetry 1.5.5 and should not be changed by hand.

[[package]]
name = "dado"
version = "0.1.4"
description = "Dado: Data Driven Test Decorator."
optional = false
python-versions = "*"
files = [
    {file = "dado-0.1.4-py3-none-any.whl", hash = "sha256:a4ae1488f8534d4ca0dbe7a4c91ec5ad25b57474bcdc14fc786be41340358221"},
    {file = "dado-0.1.4.tar.gz", hash = "sha256:0d1e766ac5412991e7cb9c486f7dc1daccb013935387c1d2a7d44081e6fef70f"},
]

[package.extras]
test = ["bandit", "better-exceptions", "blessed", "click", "coverage", "flake8", "flake8-assertive", "flake8-author", "flake8-blind-except", "flake8-bugbear", "flake8-builtins-unleashed", "flake8-commas", "flake8-comprehensions", "flake8-copyright", "flake8-debugger", "flake8-docstrings", "flake8-double-quotes", "flake8-expandtab", "flake8-imports", "flake8-logging-format", "flake8-mutable", "flake8-pep257", "flake8-self", "flake8-single-quotes", "flake8-super-call", "flake8-tidy-imports", "flake8-todo", "mypy", "pipe", "pylint", "vulture"]

[metadata]
lock-version = "2.0"
python-versions = ">=3.10.0,<3.12"
content-hash = "312714780f8b9e081dc5c0609059e4ceae216512a6ad00ad5ac691bbadf968c5"
